
Microsoft Visual Studio Solution File, Format Version 12.00
# Visual Studio 15
Project("{FAE04EC0-301F-11D3-BF4B-00C04F79EFBC}") = "Assembly-CSharp-firstpass", "Assembly-CSharp-firstpass.csproj", "{10DC7572-ACC6-B8A4-D997-9D8DBAE9CF0A}"
EndProject
Project("{FAE04EC0-301F-11D3-BF4B-00C04F79EFBC}") = "Assembly-CSharp", "Assembly-CSharp.csproj", "{1684AE44-1707-1362-6F82-6CEA8D5BB3AE}"
EndProject
Project("{FAE04EC0-301F-11D3-BF4B-00C04F79EFBC}") = "Assembly-CSharp-Editor", "Assembly-CSharp-Editor.csproj", "{C11C8EF0-9E7B-CA89-AF8C-8A5A6D378A89}"
EndProject
Global
	GlobalSection(SolutionConfigurationPlatforms) = preSolution
		Debug|Any CPU = Debug|Any CPU
		Release|Any CPU = Release|Any CPU
	EndGlobalSection
	GlobalSection(ProjectConfigurationPlatforms) = postSolution
		{10DC7572-ACC6-B8A4-D997-9D8DBAE9CF0A}.Debug|Any CPU.ActiveCfg = Debug|Any CPU
		{10DC7572-ACC6-B8A4-D997-9D8DBAE9CF0A}.Debug|Any CPU.Build.0 = Debug|Any CPU
		{10DC7572-ACC6-B8A4-D997-9D8DBAE9CF0A}.Release|Any CPU.ActiveCfg = Release|Any CPU
		{10DC7572-ACC6-B8A4-D997-9D8DBAE9CF0A}.Release|Any CPU.Build.0 = Release|Any CPU
		{1684AE44-1707-1362-6F82-6CEA8D5BB3AE}.Debug|Any CPU.ActiveCfg = Debug|Any CPU
		{1684AE44-1707-1362-6F82-6CEA8D5BB3AE}.Debug|Any CPU.Build.0 = Debug|Any CPU
		{1684AE44-1707-1362-6F82-6CEA8D5BB3AE}.Release|Any CPU.ActiveCfg = Release|Any CPU
		{1684AE44-1707-1362-6F82-6CEA8D5BB3AE}.Release|Any CPU.Build.0 = Release|Any CPU
		{C11C8EF0-9E7B-CA89-AF8C-8A5A6D378A89}.Debug|Any CPU.ActiveCfg = Debug|Any CPU
		{C11C8EF0-9E7B-CA89-AF8C-8A5A6D378A89}.Debug|Any CPU.Build.0 = Debug|Any CPU
		{C11C8EF0-9E7B-CA89-AF8C-8A5A6D378A89}.Release|Any CPU.ActiveCfg = Release|Any CPU
		{C11C8EF0-9E7B-CA89-AF8C-8A5A6D378A89}.Release|Any CPU.Build.0 = Release|Any CPU
	EndGlobalSection
	GlobalSection(SolutionProperties) = preSolution
		HideSolutionNode = FALSE
	EndGlobalSection
EndGlobal
